
Microsoft Visual Studio Solution File, Format Version 12.00
# Visual Studio Version 17
VisualStudioVersion = 17.12.35527.113
MinimumVisualStudioVersion = 10.0.40219.1
Project("{FAE04EC0-301F-11D3-BF4B-00C04F79EFBC}") = "AdmDesktop", "AdmDesktop\AdmDesktop.csproj", "{F2829947-9EF5-45EC-99B6-8128274C4486}"
EndProject
Project("{FAE04EC0-301F-11D3-BF4B-00C04F79EFBC}") = "Comum", "Comum\Comum.csproj", "{282FF988-7599-41EC-A581-76B6983A4A42}"
EndProject
Global
	GlobalSection(SolutionConfigurationPlatforms) = preSolution
		Debug|Any CPU = Debug|Any CPU
		Release|Any CPU = Release|Any CPU
	EndGlobalSection
	GlobalSection(ProjectConfigurationPlatforms) = postSolution
		{F2829947-9EF5-45EC-99B6-8128274C4486}.Debug|Any CPU.ActiveCfg = Debug|Any CPU
		{F2829947-9EF5-45EC-99B6-8128274C4486}.Debug|Any CPU.Build.0 = Debug|Any CPU
		{F2829947-9EF5-45EC-99B6-8128274C4486}.Release|Any CPU.ActiveCfg = Release|Any CPU
		{F2829947-9EF5-45EC-99B6-8128274C4486}.Release|Any CPU.Build.0 = Release|Any CPU
		{282FF988-7599-41EC-A581-76B6983A4A42}.Debug|Any CPU.ActiveCfg = Debug|Any CPU
		{282FF988-7599-41EC-A581-76B6983A4A42}.Debug|Any CPU.Build.0 = Debug|Any CPU
		{282FF988-7599-41EC-A581-76B6983A4A42}.Release|Any CPU.ActiveCfg = Release|Any CPU
		{282FF988-7599-41EC-A581-76B6983A4A42}.Release|Any CPU.Build.0 = Release|Any CPU
	EndGlobalSection
	GlobalSection(SolutionProperties) = preSolution
		HideSolutionNode = FALSE
	EndGlobalSection
EndGlobal
